
Microsoft Visual Studio Solution File, Format Version 12.00
# Visual Studio Version 16
VisualStudioVersion = 16.0.31129.286
MinimumVisualStudioVersion = 10.0.40219.1
Project("{8BC9CEB8-8B4A-11D0-8D11-00A0C91BC942}") = "5 2", "5 2\5 2.vcxproj", "{0E5B3798-71C5-47A5-A6C5-7989E2EB04BF}"
EndProject
Project("{8BC9CEB8-8B4A-11D0-8D11-00A0C91BC942}") = "5 3", "5 3\5 3.vcxproj", "{A45F8638-5D8D-43B1-B206-DC12FEB45A09}"
EndProject
Project("{8BC9CEB8-8B4A-11D0-8D11-00A0C91BC942}") = "5 6", "5 6\5 6.vcxproj", "{773FA642-0B63-4DD2-ABD4-D82004EF3296}"
EndProject
Global
	GlobalSection(SolutionConfigurationPlatforms) = preSolution
		Debug|x64 = Debug|x64
		Debug|x86 = Debug|x86
		Release|x64 = Release|x64
		Release|x86 = Release|x86
	EndGlobalSection
	GlobalSection(ProjectConfigurationPlatforms) = postSolution
		{0E5B3798-71C5-47A5-A6C5-7989E2EB04BF}.Debug|x64.ActiveCfg = Debug|x64
		{0E5B3798-71C5-47A5-A6C5-7989E2EB04BF}.Debug|x64.Build.0 = Debug|x64
		{0E5B3798-71C5-47A5-A6C5-7989E2EB04BF}.Debug|x86.ActiveCfg = Debug|Win32
		{0E5B3798-71C5-47A5-A6C5-7989E2EB04BF}.Debug|x86.Build.0 = Debug|Win32
		{0E5B3798-71C5-47A5-A6C5-7989E2EB04BF}.Release|x64.ActiveCfg = Release|x64
		{0E5B3798-71C5-47A5-A6C5-7989E2EB04BF}.Release|x64.Build.0 = Release|x64
		{0E5B3798-71C5-47A5-A6C5-7989E2EB04BF}.Release|x86.ActiveCfg = Release|Win32
		{0E5B3798-71C5-47A5-A6C5-7989E2EB04BF}.Release|x86.Build.0 = Release|Win32
		{A45F8638-5D8D-43B1-B206-DC12FEB45A09}.Debug|x64.ActiveCfg = Debug|x64
		{A45F8638-5D8D-43B1-B206-DC12FEB45A09}.Debug|x64.Build.0 = Debug|x64
		{A45F8638-5D8D-43B1-B206-DC12FEB45A09}.Debug|x86.ActiveCfg = Debug|Win32
		{A45F8638-5D8D-43B1-B206-DC12FEB45A09}.Debug|x86.Build.0 = Debug|Win32
		{A45F8638-5D8D-43B1-B206-DC12FEB45A09}.Release|x64.ActiveCfg = Release|x64
		{A45F8638-5D8D-43B1-B206-DC12FEB45A09}.Release|x64.Build.0 = Release|x64
		{A45F8638-5D8D-43B1-B206-DC12FEB45A09}.Release|x86.ActiveCfg = Release|Win32
		{A45F8638-5D8D-43B1-B206-DC12FEB45A09}.Release|x86.Build.0 = Release|Win32
		{773FA642-0B63-4DD2-ABD4-D82004EF3296}.Debug|x64.ActiveCfg = Debug|x64
		{773FA642-0B63-4DD2-ABD4-D82004EF3296}.Debug|x64.Build.0 = Debug|x64
		{773FA642-0B63-4DD2-ABD4-D82004EF3296}.Debug|x86.ActiveCfg = Debug|Win32
		{773FA642-0B63-4DD2-ABD4-D82004EF3296}.Debug|x86.Build.0 = Debug|Win32
		{773FA642-0B63-4DD2-ABD4-D82004EF3296}.Release|x64.ActiveCfg = Release|x64
		{773FA642-0B63-4DD2-ABD4-D82004EF3296}.Release|x64.Build.0 = Release|x64
		{773FA642-0B63-4DD2-ABD4-D82004EF3296}.Release|x86.ActiveCfg = Release|Win32
		{773FA642-0B63-4DD2-ABD4-D82004EF3296}.Release|x86.Build.0 = Release|Win32
	EndGlobalSection
	GlobalSection(SolutionProperties) = preSolution
		HideSolutionNode = FALSE
	EndGlobalSection
	GlobalSection(ExtensibilityGlobals) = postSolution
		SolutionGuid = {385164A8-4B54-4076-A63E-7E81979F9069}
	EndGlobalSection
EndGlobal
